
Microsoft Visual Studio Solution File, Format Version 12.00
# Visual Studio Version 17
VisualStudioVersion = 17.8.34511.84
MinimumVisualStudioVersion = 10.0.40219.1
Project("{9A19103F-16F7-4668-BE54-9A1E7A4F7556}") = "ITI.gRPCDemo.Server", "src\ITI.gRPCDemo.Server\ITI.gRPCDemo.Server.csproj", "{8388EA0A-7838-4C37-B6EA-05CFD0ACE9A5}"
EndProject
Project("{2150E333-8FDC-42A3-9474-1A3956D46DE8}") = "src", "src", "{751F5E68-BA75-4BA3-BC72-B9FB1B418DE2}"
EndProject
Project("{2150E333-8FDC-42A3-9474-1A3956D46DE8}") = "tests", "tests", "{054EA2CB-FFD1-45E1-B099-26FBF2E39461}"
EndProject
Project("{FAE04EC0-301F-11D3-BF4B-00C04F79EFBC}") = "ITI.gRPCDemo.Device", "src\ITI.gRPCDemo.Device\ITI.gRPCDemo.Device.csproj", "{2BF15C59-0879-43D4-9983-961B19541944}"
EndProject
Global
	GlobalSection(SolutionConfigurationPlatforms) = preSolution
		Debug|Any CPU = Debug|Any CPU
		Release|Any CPU = Release|Any CPU
	EndGlobalSection
	GlobalSection(ProjectConfigurationPlatforms) = postSolution
		{8388EA0A-7838-4C37-B6EA-05CFD0ACE9A5}.Debug|Any CPU.ActiveCfg = Debug|Any CPU
		{8388EA0A-7838-4C37-B6EA-05CFD0ACE9A5}.Debug|Any CPU.Build.0 = Debug|Any CPU
		{8388EA0A-7838-4C37-B6EA-05CFD0ACE9A5}.Release|Any CPU.ActiveCfg = Release|Any CPU
		{8388EA0A-7838-4C37-B6EA-05CFD0ACE9A5}.Release|Any CPU.Build.0 = Release|Any CPU
		{2BF15C59-0879-43D4-9983-961B19541944}.Debug|Any CPU.ActiveCfg = Debug|Any CPU
		{2BF15C59-0879-43D4-9983-961B19541944}.Debug|Any CPU.Build.0 = Debug|Any CPU
		{2BF15C59-0879-43D4-9983-961B19541944}.Release|Any CPU.ActiveCfg = Release|Any CPU
		{2BF15C59-0879-43D4-9983-961B19541944}.Release|Any CPU.Build.0 = Release|Any CPU
	EndGlobalSection
	GlobalSection(SolutionProperties) = preSolution
		HideSolutionNode = FALSE
	EndGlobalSection
	GlobalSection(NestedProjects) = preSolution
		{8388EA0A-7838-4C37-B6EA-05CFD0ACE9A5} = {751F5E68-BA75-4BA3-BC72-B9FB1B418DE2}
		{2BF15C59-0879-43D4-9983-961B19541944} = {751F5E68-BA75-4BA3-BC72-B9FB1B418DE2}
	EndGlobalSection
	GlobalSection(ExtensibilityGlobals) = postSolution
		SolutionGuid = {B4E0CD0F-9AF3-4E80-AFF4-F4D18640EEA0}
	EndGlobalSection
EndGlobal
